
Microsoft Visual Studio Solution File, Format Version 12.00
# Visual Studio Version 17
VisualStudioVersion = 17.9.34701.34
MinimumVisualStudioVersion = 10.0.40219.1
Project("{9A19103F-16F7-4668-BE54-9A1E7A4F7556}") = "AddressBookRazor", "AddressBookRazor.csproj", "{F7A87684-1776-4E47-AEC6-72739E0B8BDA}"
EndProject
Global
	GlobalSection(SolutionConfigurationPlatforms) = preSolution
		Debug|Any CPU = Debug|Any CPU
		Release|Any CPU = Release|Any CPU
	EndGlobalSection
	GlobalSection(ProjectConfigurationPlatforms) = postSolution
		{F7A87684-1776-4E47-AEC6-72739E0B8BDA}.Debug|Any CPU.ActiveCfg = Debug|Any CPU
		{F7A87684-1776-4E47-AEC6-72739E0B8BDA}.Debug|Any CPU.Build.0 = Debug|Any CPU
		{F7A87684-1776-4E47-AEC6-72739E0B8BDA}.Release|Any CPU.ActiveCfg = Release|Any CPU
		{F7A87684-1776-4E47-AEC6-72739E0B8BDA}.Release|Any CPU.Build.0 = Release|Any CPU
	EndGlobalSection
	GlobalSection(SolutionProperties) = preSolution
		HideSolutionNode = FALSE
	EndGlobalSection
	GlobalSection(ExtensibilityGlobals) = postSolution
		SolutionGuid = {FA6F9943-DCAA-4003-BB87-27B5B30BFE41}
	EndGlobalSection
EndGlobal
